
Microsoft Visual Studio Solution File, Format Version 11.00
# Visual Studio 2010
Project("{FAE04EC0-301F-11D3-BF4B-00C04F79EFBC}") = "ProjektGiKCzK", "Assembly-CSharp.csproj", "{0640F7DF-BBFF-6493-A4B4-4B0C8E5D40FF}"
EndProject
Project("{FAE04EC0-301F-11D3-BF4B-00C04F79EFBC}") = "ProjektGiKCzK", "Assembly-CSharp-firstpass.csproj", "{379B4B33-7D7C-2479-053B-02CC502A2649}"
EndProject
Project("{FAE04EC0-301F-11D3-BF4B-00C04F79EFBC}") = "ProjektGiKCzK", "Assembly-CSharp-Editor-firstpass.csproj", "{38EEB87C-4A74-4034-0158-6F3E71D0B5EA}"
EndProject
Global
	GlobalSection(SolutionConfigurationPlatforms) = preSolution
		Debug|Any CPU = Debug|Any CPU
		Release|Any CPU = Release|Any CPU
	EndGlobalSection
	GlobalSection(ProjectConfigurationPlatforms) = postSolution
		{0640F7DF-BBFF-6493-A4B4-4B0C8E5D40FF}.Debug|Any CPU.ActiveCfg = Debug|Any CPU
		{0640F7DF-BBFF-6493-A4B4-4B0C8E5D40FF}.Debug|Any CPU.Build.0 = Debug|Any CPU
		{0640F7DF-BBFF-6493-A4B4-4B0C8E5D40FF}.Release|Any CPU.ActiveCfg = Release|Any CPU
		{0640F7DF-BBFF-6493-A4B4-4B0C8E5D40FF}.Release|Any CPU.Build.0 = Release|Any CPU
		{379B4B33-7D7C-2479-053B-02CC502A2649}.Debug|Any CPU.ActiveCfg = Debug|Any CPU
		{379B4B33-7D7C-2479-053B-02CC502A2649}.Debug|Any CPU.Build.0 = Debug|Any CPU
		{379B4B33-7D7C-2479-053B-02CC502A2649}.Release|Any CPU.ActiveCfg = Release|Any CPU
		{379B4B33-7D7C-2479-053B-02CC502A2649}.Release|Any CPU.Build.0 = Release|Any CPU
		{38EEB87C-4A74-4034-0158-6F3E71D0B5EA}.Debug|Any CPU.ActiveCfg = Debug|Any CPU
		{38EEB87C-4A74-4034-0158-6F3E71D0B5EA}.Debug|Any CPU.Build.0 = Debug|Any CPU
		{38EEB87C-4A74-4034-0158-6F3E71D0B5EA}.Release|Any CPU.ActiveCfg = Release|Any CPU
		{38EEB87C-4A74-4034-0158-6F3E71D0B5EA}.Release|Any CPU.Build.0 = Release|Any CPU
	EndGlobalSection
	GlobalSection(SolutionProperties) = preSolution
		HideSolutionNode = FALSE
	EndGlobalSection
	GlobalSection(MonoDevelopProperties) = preSolution
		StartupItem = Assembly-CSharp.csproj
	EndGlobalSection
EndGlobal
